
Microsoft Visual Studio Solution File, Format Version 12.00
Project("{F2A71F9B-5D33-465A-A702-920D77279786}") = "App", "src\App.fsproj", "{E87258AC-2AA8-41E9-A801-BA0DD0AED893}"
EndProject
Project("{F2A71F9B-5D33-465A-A702-920D77279786}") = "Test", "test\Test.fsproj", "{DA41A13E-9D6F-46BE-9FFB-C5665C6CA0E1}"
EndProject
Project("{F2A71F9B-5D33-465A-A702-920D77279786}") = "CliRunner", "CliRunner\CliRunner.fsproj", "{6B085E7E-2A9D-48B4-9303-365AF18ECDE8}"
EndProject
Project("{2150E333-8FDC-42A3-9474-1A3956D46DE8}") = "SolutionFiles", "SolutionFiles", "{790084C8-D5DC-4516-A993-0280AA8011EA}"
ProjectSection(SolutionItems) = preProject
	README.md = README.md
	splitter.config.js = splitter.config.js
	jest.config.js = jest.config.js
	LICENSE = LICENSE
	Nuget.Config = Nuget.Config
	webpack.config.js = webpack.config.js
EndProjectSection
EndProject
Project("{F2A71F9B-5D33-465A-A702-920D77279786}") = "Shared", "Shared\Shared.fsproj", "{75751AC5-E951-442D-8BD8-C5CEF13ADE7A}"
EndProject
Global
	GlobalSection(SolutionConfigurationPlatforms) = preSolution
		Debug|Any CPU = Debug|Any CPU
		Release|Any CPU = Release|Any CPU
	EndGlobalSection
	GlobalSection(ProjectConfigurationPlatforms) = postSolution
		{E87258AC-2AA8-41E9-A801-BA0DD0AED893}.Debug|Any CPU.ActiveCfg = Debug|Any CPU
		{E87258AC-2AA8-41E9-A801-BA0DD0AED893}.Debug|Any CPU.Build.0 = Debug|Any CPU
		{E87258AC-2AA8-41E9-A801-BA0DD0AED893}.Release|Any CPU.ActiveCfg = Release|Any CPU
		{E87258AC-2AA8-41E9-A801-BA0DD0AED893}.Release|Any CPU.Build.0 = Release|Any CPU
		{DA41A13E-9D6F-46BE-9FFB-C5665C6CA0E1}.Debug|Any CPU.ActiveCfg = Debug|Any CPU
		{DA41A13E-9D6F-46BE-9FFB-C5665C6CA0E1}.Debug|Any CPU.Build.0 = Debug|Any CPU
		{DA41A13E-9D6F-46BE-9FFB-C5665C6CA0E1}.Release|Any CPU.ActiveCfg = Release|Any CPU
		{DA41A13E-9D6F-46BE-9FFB-C5665C6CA0E1}.Release|Any CPU.Build.0 = Release|Any CPU
		{6B085E7E-2A9D-48B4-9303-365AF18ECDE8}.Debug|Any CPU.ActiveCfg = Debug|Any CPU
		{6B085E7E-2A9D-48B4-9303-365AF18ECDE8}.Debug|Any CPU.Build.0 = Debug|Any CPU
		{6B085E7E-2A9D-48B4-9303-365AF18ECDE8}.Release|Any CPU.ActiveCfg = Release|Any CPU
		{6B085E7E-2A9D-48B4-9303-365AF18ECDE8}.Release|Any CPU.Build.0 = Release|Any CPU
		{75751AC5-E951-442D-8BD8-C5CEF13ADE7A}.Debug|Any CPU.ActiveCfg = Debug|Any CPU
		{75751AC5-E951-442D-8BD8-C5CEF13ADE7A}.Debug|Any CPU.Build.0 = Debug|Any CPU
		{75751AC5-E951-442D-8BD8-C5CEF13ADE7A}.Release|Any CPU.ActiveCfg = Release|Any CPU
		{75751AC5-E951-442D-8BD8-C5CEF13ADE7A}.Release|Any CPU.Build.0 = Release|Any CPU
	EndGlobalSection
EndGlobal
